
Microsoft Visual Studio Solution File, Format Version 12.00
# Visual Studio 15
VisualStudioVersion = 15.0.27130.2010
MinimumVisualStudioVersion = 10.0.40219.1
Project("{FAE04EC0-301F-11D3-BF4B-00C04F79EFBC}") = "AtlusFileSystemLibrary", "AtlusFileSystemLibrary\AtlusFileSystemLibrary.csproj", "{9960B785-6207-44E8-BA42-EC7F6F785344}"
EndProject
Project("{FAE04EC0-301F-11D3-BF4B-00C04F79EFBC}") = "PAKPack", "PackTools\PAKPack\PAKPack.csproj", "{1124E0D2-B2A5-4AAB-B005-CBFFFBE9F407}"
EndProject
Project("{2150E333-8FDC-42A3-9474-1A3956D46DE8}") = "PackTools", "PackTools", "{97398F38-AA62-4837-BF63-3F64B2D3EE3E}"
EndProject
Project("{FAE04EC0-301F-11D3-BF4B-00C04F79EFBC}") = "DDS3Pack", "PackTools\DDS3Pack\DDS3Pack.csproj", "{2911D5A5-7D9C-4753-88B3-6FD9F398658B}"
EndProject
Project("{FAE04EC0-301F-11D3-BF4B-00C04F79EFBC}") = "ACXPack", "PackTools\ACXPack\ACXPack.csproj", "{4C01844D-14AA-424C-BC17-CA6F3EFA8ACC}"
EndProject
Project("{FAE04EC0-301F-11D3-BF4B-00C04F79EFBC}") = "LBPack", "PackTools\LBPack\LBPack.csproj", "{E4A4CE16-FE40-40CD-820B-F935FC843940}"
EndProject
Global
	GlobalSection(SolutionConfigurationPlatforms) = preSolution
		Debug|Any CPU = Debug|Any CPU
		Release|Any CPU = Release|Any CPU
	EndGlobalSection
	GlobalSection(ProjectConfigurationPlatforms) = postSolution
		{9960B785-6207-44E8-BA42-EC7F6F785344}.Debug|Any CPU.ActiveCfg = Debug|Any CPU
		{9960B785-6207-44E8-BA42-EC7F6F785344}.Debug|Any CPU.Build.0 = Debug|Any CPU
		{9960B785-6207-44E8-BA42-EC7F6F785344}.Release|Any CPU.ActiveCfg = Release|Any CPU
		{9960B785-6207-44E8-BA42-EC7F6F785344}.Release|Any CPU.Build.0 = Release|Any CPU
		{1124E0D2-B2A5-4AAB-B005-CBFFFBE9F407}.Debug|Any CPU.ActiveCfg = Debug|Any CPU
		{1124E0D2-B2A5-4AAB-B005-CBFFFBE9F407}.Debug|Any CPU.Build.0 = Debug|Any CPU
		{1124E0D2-B2A5-4AAB-B005-CBFFFBE9F407}.Release|Any CPU.ActiveCfg = Release|Any CPU
		{1124E0D2-B2A5-4AAB-B005-CBFFFBE9F407}.Release|Any CPU.Build.0 = Release|Any CPU
		{2911D5A5-7D9C-4753-88B3-6FD9F398658B}.Debug|Any CPU.ActiveCfg = Debug|Any CPU
		{2911D5A5-7D9C-4753-88B3-6FD9F398658B}.Debug|Any CPU.Build.0 = Debug|Any CPU
		{2911D5A5-7D9C-4753-88B3-6FD9F398658B}.Release|Any CPU.ActiveCfg = Release|Any CPU
		{2911D5A5-7D9C-4753-88B3-6FD9F398658B}.Release|Any CPU.Build.0 = Release|Any CPU
		{4C01844D-14AA-424C-BC17-CA6F3EFA8ACC}.Debug|Any CPU.ActiveCfg = Debug|Any CPU
		{4C01844D-14AA-424C-BC17-CA6F3EFA8ACC}.Debug|Any CPU.Build.0 = Debug|Any CPU
		{4C01844D-14AA-424C-BC17-CA6F3EFA8ACC}.Release|Any CPU.ActiveCfg = Release|Any CPU
		{4C01844D-14AA-424C-BC17-CA6F3EFA8ACC}.Release|Any CPU.Build.0 = Release|Any CPU
		{E4A4CE16-FE40-40CD-820B-F935FC843940}.Debug|Any CPU.ActiveCfg = Debug|Any CPU
		{E4A4CE16-FE40-40CD-820B-F935FC843940}.Debug|Any CPU.Build.0 = Debug|Any CPU
		{E4A4CE16-FE40-40CD-820B-F935FC843940}.Release|Any CPU.ActiveCfg = Release|Any CPU
		{E4A4CE16-FE40-40CD-820B-F935FC843940}.Release|Any CPU.Build.0 = Release|Any CPU
	EndGlobalSection
	GlobalSection(SolutionProperties) = preSolution
		HideSolutionNode = FALSE
	EndGlobalSection
	GlobalSection(NestedProjects) = preSolution
		{1124E0D2-B2A5-4AAB-B005-CBFFFBE9F407} = {97398F38-AA62-4837-BF63-3F64B2D3EE3E}
		{2911D5A5-7D9C-4753-88B3-6FD9F398658B} = {97398F38-AA62-4837-BF63-3F64B2D3EE3E}
		{4C01844D-14AA-424C-BC17-CA6F3EFA8ACC} = {97398F38-AA62-4837-BF63-3F64B2D3EE3E}
		{E4A4CE16-FE40-40CD-820B-F935FC843940} = {97398F38-AA62-4837-BF63-3F64B2D3EE3E}
	EndGlobalSection
	GlobalSection(ExtensibilityGlobals) = postSolution
		SolutionGuid = {463BB864-A435-4F14-8480-7982841C924B}
	EndGlobalSection
EndGlobal
